// !$*UTF8*$!
{
	archiveVersion = 1;
	classes = {
	};
	objectVersion = 56;
	objects = {

/* Begin PBXBuildFile section */
		BF1F85E12A1D98FF00242B04 /* OpenGL.framework in Frameworks */ = {isa = PBXBuildFile; fileRef = BF1F85E02A1D98FF00242B04 /* OpenGL.framework */; settings = {ATTRIBUTES = (Required, ); }; };
		BF2C6C1429A15049009B9527 /* main.cpp in Sources */ = {isa = PBXBuildFile; fileRef = BF2C6C1329A15049009B9527 /* main.cpp */; };
		BF2C6C1C29A150FE009B9527 /* SVM.cpp in Sources */ = {isa = PBXBuildFile; fileRef = BF2C6C1A29A150FE009B9527 /* SVM.cpp */; };
		BFA11CA42A1E4052007812BE /* GLUT.framework in Frameworks */ = {isa = PBXBuildFile; fileRef = BFA11CA32A1E4052007812BE /* GLUT.framework */; };
		BFA11CA82A1E5E30007812BE /* preprocess.cpp in Sources */ = {isa = PBXBuildFile; fileRef = BFA11CA62A1E5E30007812BE /* preprocess.cpp */; };
/* End PBXBuildFile section */

/* Begin PBXCopyFilesBuildPhase section */
		BF2C6C0E29A15049009B9527 /* CopyFiles */ = {
			isa = PBXCopyFilesBuildPhase;
			buildActionMask = 2147483647;
			dstPath = /usr/share/man/man1/;
			dstSubfolderSpec = 0;
			files = (
			);
			runOnlyForDeploymentPostprocessing = 1;
		};
/* End PBXCopyFilesBuildPhase section */

/* Begin PBXFileReference section */
		BF1F85E02A1D98FF00242B04 /* OpenGL.framework */ = {isa = PBXFileReference; lastKnownFileType = wrapper.framework; name = OpenGL.framework; path = System/Library/Frameworks/OpenGL.framework; sourceTree = SDKROOT; };
		BF2C6C1029A15049009B9527 /* support vector machine */ = {isa = PBXFileReference; explicitFileType = "compiled.mach-o.executable"; includeInIndex = 0; path = "support vector machine"; sourceTree = BUILT_PRODUCTS_DIR; };
		BF2C6C1329A15049009B9527 /* main.cpp */ = {isa = PBXFileReference; lastKnownFileType = sourcecode.cpp.cpp; path = main.cpp; sourceTree = "<group>"; };
		BF2C6C1A29A150FE009B9527 /* SVM.cpp */ = {isa = PBXFileReference; lastKnownFileType = sourcecode.cpp.cpp; path = SVM.cpp; sourceTree = "<group>"; };
		BF2C6C1B29A150FE009B9527 /* SVM.hpp */ = {isa = PBXFileReference; lastKnownFileType = sourcecode.cpp.h; path = SVM.hpp; sourceTree = "<group>"; };
		BFA11CA32A1E4052007812BE /* GLUT.framework */ = {isa = PBXFileReference; lastKnownFileType = wrapper.framework; name = GLUT.framework; path = System/Library/Frameworks/GLUT.framework; sourceTree = SDKROOT; };
		BFA11CA62A1E5E30007812BE /* preprocess.cpp */ = {isa = PBXFileReference; lastKnownFileType = sourcecode.cpp.cpp; path = preprocess.cpp; sourceTree = "<group>"; };
		BFA11CA72A1E5E30007812BE /* preprocess.hpp */ = {isa = PBXFileReference; lastKnownFileType = sourcecode.cpp.h; path = preprocess.hpp; sourceTree = "<group>"; };
		BFA11CAB2A1E5F5D007812BE /* Breast Cancer Wisconsin (Diagnostic) Data Set.csv */ = {isa = PBXFileReference; fileEncoding = 4; lastKnownFileType = text; path = "Breast Cancer Wisconsin (Diagnostic) Data Set.csv"; sourceTree = "<group>"; };
		BFF4B4D22A24E99A005662C3 /* data.csv */ = {isa = PBXFileReference; lastKnownFileType = text; path = data.csv; sourceTree = "<group>"; };
/* End PBXFileReference section */

/* Begin PBXFrameworksBuildPhase section */
		BF2C6C0D29A15049009B9527 /* Frameworks */ = {
			isa = PBXFrameworksBuildPhase;
			buildActionMask = 2147483647;
			files = (
				BFA11CA42A1E4052007812BE /* GLUT.framework in Frameworks */,
				BF1F85E12A1D98FF00242B04 /* OpenGL.framework in Frameworks */,
			);
			runOnlyForDeploymentPostprocessing = 0;
		};
/* End PBXFrameworksBuildPhase section */

/* Begin PBXGroup section */
		BF1F85DF2A1D98FF00242B04 /* Frameworks */ = {
			isa = PBXGroup;
			children = (
				BFA11CA32A1E4052007812BE /* GLUT.framework */,
				BF1F85E02A1D98FF00242B04 /* OpenGL.framework */,
			);
			name = Frameworks;
			sourceTree = "<group>";
		};
		BF2C6C0729A15049009B9527 = {
			isa = PBXGroup;
			children = (
				BFA11CA92A1E5EF8007812BE /* Datasets */,
				BFA11CA52A1E5E0E007812BE /* Preprocess */,
				BF2C6C1229A15049009B9527 /* support vector machine */,
				BF2C6C1129A15049009B9527 /* Products */,
				BF1F85DF2A1D98FF00242B04 /* Frameworks */,
			);
			sourceTree = "<group>";
		};
		BF2C6C1129A15049009B9527 /* Products */ = {
			isa = PBXGroup;
			children = (
				BF2C6C1029A15049009B9527 /* support vector machine */,
			);
			name = Products;
			sourceTree = "<group>";
		};
		BF2C6C1229A15049009B9527 /* support vector machine */ = {
			isa = PBXGroup;
			children = (
				BF2C6C1329A15049009B9527 /* main.cpp */,
				BF2C6C1A29A150FE009B9527 /* SVM.cpp */,
				BF2C6C1B29A150FE009B9527 /* SVM.hpp */,
			);
			path = "support vector machine";
			sourceTree = "<group>";
		};
		BFA11CA52A1E5E0E007812BE /* Preprocess */ = {
			isa = PBXGroup;
			children = (
				BFA11CA62A1E5E30007812BE /* preprocess.cpp */,
				BFA11CA72A1E5E30007812BE /* preprocess.hpp */,
			);
			path = Preprocess;
			sourceTree = "<group>";
		};
		BFA11CA92A1E5EF8007812BE /* Datasets */ = {
			isa = PBXGroup;
			children = (
				BFF4B4D22A24E99A005662C3 /* data.csv */,
				BFA11CAB2A1E5F5D007812BE /* Breast Cancer Wisconsin (Diagnostic) Data Set.csv */,
			);
			path = Datasets;
			sourceTree = "<group>";
		};
/* End PBXGroup section */

/* Begin PBXNativeTarget section */
		BF2C6C0F29A15049009B9527 /* support vector machine */ = {
			isa = PBXNativeTarget;
			buildConfigurationList = BF2C6C1729A15049009B9527 /* Build configuration list for PBXNativeTarget "support vector machine" */;
			buildPhases = (
				BF2C6C0C29A15049009B9527 /* Sources */,
				BF2C6C0D29A15049009B9527 /* Frameworks */,
				BF2C6C0E29A15049009B9527 /* CopyFiles */,
			);
			buildRules = (
			);
			dependencies = (
			);
			name = "support vector machine";
			productName = "support vector machine";
			productReference = BF2C6C1029A15049009B9527 /* support vector machine */;
			productType = "com.apple.product-type.tool";
		};
/* End PBXNativeTarget section */

/* Begin PBXProject section */
		BF2C6C0829A15049009B9527 /* Project object */ = {
			isa = PBXProject;
			attributes = {
				BuildIndependentTargetsInParallel = 1;
				LastUpgradeCheck = 1420;
				TargetAttributes = {
					BF2C6C0F29A15049009B9527 = {
						CreatedOnToolsVersion = 14.2;
					};
				};
			};
			buildConfigurationList = BF2C6C0B29A15049009B9527 /* Build configuration list for PBXProject "support vector machine" */;
			compatibilityVersion = "Xcode 14.0";
			developmentRegion = en;
			hasScannedForEncodings = 0;
			knownRegions = (
				en,
				Base,
			);
			mainGroup = BF2C6C0729A15049009B9527;
			productRefGroup = BF2C6C1129A15049009B9527 /* Products */;
			projectDirPath = "";
			projectRoot = "";
			targets = (
				BF2C6C0F29A15049009B9527 /* support vector machine */,
			);
		};
/* End PBXProject section */

/* Begin PBXSourcesBuildPhase section */
		BF2C6C0C29A15049009B9527 /* Sources */ = {
			isa = PBXSourcesBuildPhase;
			buildActionMask = 2147483647;
			files = (
				BFA11CA82A1E5E30007812BE /* preprocess.cpp in Sources */,
				BF2C6C1C29A150FE009B9527 /* SVM.cpp in Sources */,
				BF2C6C1429A15049009B9527 /* main.cpp in Sources */,
			);
			runOnlyForDeploymentPostprocessing = 0;
		};
/* End PBXSourcesBuildPhase section */

/* Begin XCBuildConfiguration section */
		BF2C6C1529A15049009B9527 /* Debug */ = {
			isa = XCBuildConfiguration;
			buildSettings = {
				ALWAYS_SEARCH_USER_PATHS = NO;
				CLANG_ANALYZER_NONNULL = YES;
				CLANG_ANALYZER_NUMBER_OBJECT_CONVERSION = YES_AGGRESSIVE;
				CLANG_CXX_LANGUAGE_STANDARD = "gnu++20";
				CLANG_ENABLE_MODULES = YES;
				CLANG_ENABLE_OBJC_ARC = YES;
				CLANG_ENABLE_OBJC_WEAK = YES;
				CLANG_WARN_BLOCK_CAPTURE_AUTORELEASING = YES;
				CLANG_WARN_BOOL_CONVERSION = YES;
				CLANG_WARN_COMMA = YES;
				CLANG_WARN_CONSTANT_CONVERSION = YES;
				CLANG_WARN_DEPRECATED_OBJC_IMPLEMENTATIONS = YES;
				CLANG_WARN_DIRECT_OBJC_ISA_USAGE = YES_ERROR;
				CLANG_WARN_DOCUMENTATION_COMMENTS = YES;
				CLANG_WARN_EMPTY_BODY = YES;
				CLANG_WARN_ENUM_CONVERSION = YES;
				CLANG_WARN_INFINITE_RECURSION = YES;
				CLANG_WARN_INT_CONVERSION = YES;
				CLANG_WARN_NON_LITERAL_NULL_CONVERSION = YES;
				CLANG_WARN_OBJC_IMPLICIT_RETAIN_SELF = YES;
				CLANG_WARN_OBJC_LITERAL_CONVERSION = YES;
				CLANG_WARN_OBJC_ROOT_CLASS = YES_ERROR;
				CLANG_WARN_QUOTED_INCLUDE_IN_FRAMEWORK_HEADER = YES;
				CLANG_WARN_RANGE_LOOP_ANALYSIS = YES;
				CLANG_WARN_STRICT_PROTOTYPES = YES;
				CLANG_WARN_SUSPICIOUS_MOVE = YES;
				CLANG_WARN_UNGUARDED_AVAILABILITY = YES_AGGRESSIVE;
				CLANG_WARN_UNREACHABLE_CODE = YES;
				CLANG_WARN__DUPLICATE_METHOD_MATCH = YES;
				COPY_PHASE_STRIP = NO;
				DEBUG_INFORMATION_FORMAT = dwarf;
				ENABLE_STRICT_OBJC_MSGSEND = YES;
				ENABLE_TESTABILITY = YES;
				GCC_C_LANGUAGE_STANDARD = gnu11;
				GCC_DYNAMIC_NO_PIC = NO;
				GCC_NO_COMMON_BLOCKS = YES;
				GCC_OPTIMIZATION_LEVEL = 0;
				GCC_PREPROCESSOR_DEFINITIONS = (
					"DEBUG=1",
					"$(inherited)",
				);
				GCC_WARN_64_TO_32_BIT_CONVERSION = YES;
				GCC_WARN_ABOUT_RETURN_TYPE = YES_ERROR;
				GCC_WARN_UNDECLARED_SELECTOR = YES;
				GCC_WARN_UNINITIALIZED_AUTOS = YES_AGGRESSIVE;
				GCC_WARN_UNUSED_FUNCTION = YES;
				GCC_WARN_UNUSED_VARIABLE = YES;
				HEADER_SEARCH_PATHS = /usr/local/include;
				MACOSX_DEPLOYMENT_TARGET = 13.0;
				MTL_ENABLE_DEBUG_INFO = INCLUDE_SOURCE;
				MTL_FAST_MATH = YES;
				ONLY_ACTIVE_ARCH = YES;
				SDKROOT = macosx;
			};
			name = Debug;
		};
		BF2C6C1629A15049009B9527 /* Release */ = {
			isa = XCBuildConfiguration;
			buildSettings = {
				ALWAYS_SEARCH_USER_PATHS = NO;
				CLANG_ANALYZER_NONNULL = YES;
				CLANG_ANALYZER_NUMBER_OBJECT_CONVERSION = YES_AGGRESSIVE;
				CLANG_CXX_LANGUAGE_STANDARD = "gnu++20";
				CLANG_ENABLE_MODULES = YES;
				CLANG_ENABLE_OBJC_ARC = YES;
				CLANG_ENABLE_OBJC_WEAK = YES;
				CLANG_WARN_BLOCK_CAPTURE_AUTORELEASING = YES;
				CLANG_WARN_BOOL_CONVERSION = YES;
				CLANG_WARN_COMMA = YES;
				CLANG_WARN_CONSTANT_CONVERSION = YES;
				CLANG_WARN_DEPRECATED_OBJC_IMPLEMENTATIONS = YES;
				CLANG_WARN_DIRECT_OBJC_ISA_USAGE = YES_ERROR;
				CLANG_WARN_DOCUMENTATION_COMMENTS = YES;
				CLANG_WARN_EMPTY_BODY = YES;
				CLANG_WARN_ENUM_CONVERSION = YES;
				CLANG_WARN_INFINITE_RECURSION = YES;
				CLANG_WARN_INT_CONVERSION = YES;
				CLANG_WARN_NON_LITERAL_NULL_CONVERSION = YES;
				CLANG_WARN_OBJC_IMPLICIT_RETAIN_SELF = YES;
				CLANG_WARN_OBJC_LITERAL_CONVERSION = YES;
				CLANG_WARN_OBJC_ROOT_CLASS = YES_ERROR;
				CLANG_WARN_QUOTED_INCLUDE_IN_FRAMEWORK_HEADER = YES;
				CLANG_WARN_RANGE_LOOP_ANALYSIS = YES;
				CLANG_WARN_STRICT_PROTOTYPES = YES;
				CLANG_WARN_SUSPICIOUS_MOVE = YES;
				CLANG_WARN_UNGUARDED_AVAILABILITY = YES_AGGRESSIVE;
				CLANG_WARN_UNREACHABLE_CODE = YES;
				CLANG_WARN__DUPLICATE_METHOD_MATCH = YES;
				COPY_PHASE_STRIP = NO;
				DEBUG_INFORMATION_FORMAT = "dwarf-with-dsym";
				ENABLE_NS_ASSERTIONS = NO;
				ENABLE_STRICT_OBJC_MSGSEND = YES;
				GCC_C_LANGUAGE_STANDARD = gnu11;
				GCC_NO_COMMON_BLOCKS = YES;
				GCC_WARN_64_TO_32_BIT_CONVERSION = YES;
				GCC_WARN_ABOUT_RETURN_TYPE = YES_ERROR;
				GCC_WARN_UNDECLARED_SELECTOR = YES;
				GCC_WARN_UNINITIALIZED_AUTOS = YES_AGGRESSIVE;
				GCC_WARN_UNUSED_FUNCTION = YES;
				GCC_WARN_UNUSED_VARIABLE = YES;
				HEADER_SEARCH_PATHS = /usr/local/include;
				MACOSX_DEPLOYMENT_TARGET = 13.0;
				MTL_ENABLE_DEBUG_INFO = NO;
				MTL_FAST_MATH = YES;
				SDKROOT = macosx;
			};
			name = Release;
		};
		BF2C6C1829A15049009B9527 /* Debug */ = {
			isa = XCBuildConfiguration;
			buildSettings = {
				CODE_SIGN_STYLE = Automatic;
				PRODUCT_NAME = "$(TARGET_NAME)";
			};
			name = Debug;
		};
		BF2C6C1929A15049009B9527 /* Release */ = {
			isa = XCBuildConfiguration;
			buildSettings = {
				CODE_SIGN_STYLE = Automatic;
				PRODUCT_NAME = "$(TARGET_NAME)";
			};
			name = Release;
		};
/* End XCBuildConfiguration section */

/* Begin XCConfigurationList section */
		BF2C6C0B29A15049009B9527 /* Build configuration list for PBXProject "support vector machine" */ = {
			isa = XCConfigurationList;
			buildConfigurations = (
				BF2C6C1529A15049009B9527 /* Debug */,
				BF2C6C1629A15049009B9527 /* Release */,
			);
			defaultConfigurationIsVisible = 0;
			defaultConfigurationName = Release;
		};
		BF2C6C1729A15049009B9527 /* Build configuration list for PBXNativeTarget "support vector machine" */ = {
			isa = XCConfigurationList;
			buildConfigurations = (
				BF2C6C1829A15049009B9527 /* Debug */,
				BF2C6C1929A15049009B9527 /* Release */,
			);
			defaultConfigurationIsVisible = 0;
			defaultConfigurationName = Release;
		};
/* End XCConfigurationList section */
	};
	rootObject = BF2C6C0829A15049009B9527 /* Project object */;
}
